
Microsoft Visual Studio Solution File, Format Version 12.00
# Visual Studio Version 16
VisualStudioVersion = 16.0.29306.81
MinimumVisualStudioVersion = 10.0.40219.1
Project("{FAE04EC0-301F-11D3-BF4B-00C04F79EFBC}") = "SlideShow", "SlideShow\SlideShow.csproj", "{33104E62-F380-4EA8-B780-7D934BC12091}"
EndProject
Global
	GlobalSection(SolutionConfigurationPlatforms) = preSolution
		Debug|Any CPU = Debug|Any CPU
		Release|Any CPU = Release|Any CPU
	EndGlobalSection
	GlobalSection(ProjectConfigurationPlatforms) = postSolution
		{33104E62-F380-4EA8-B780-7D934BC12091}.Debug|Any CPU.ActiveCfg = Debug|Any CPU
		{33104E62-F380-4EA8-B780-7D934BC12091}.Debug|Any CPU.Build.0 = Debug|Any CPU
		{33104E62-F380-4EA8-B780-7D934BC12091}.Release|Any CPU.ActiveCfg = Release|Any CPU
		{33104E62-F380-4EA8-B780-7D934BC12091}.Release|Any CPU.Build.0 = Release|Any CPU
	EndGlobalSection
	GlobalSection(SolutionProperties) = preSolution
		HideSolutionNode = FALSE
	EndGlobalSection
	GlobalSection(ExtensibilityGlobals) = postSolution
		SolutionGuid = {BB26DCF1-FDE7-441A-A208-48620A3DB465}
	EndGlobalSection
EndGlobal
